
Microsoft Visual Studio Solution File, Format Version 12.00
# Visual Studio Version 17
VisualStudioVersion = 17.0.31903.59
MinimumVisualStudioVersion = 10.0.40219.1
Project("{2150E333-8FDC-42A3-9474-1A3956D46DE8}") = "src", "src", "{7F0272D9-1A61-49F0-85BB-CCFDD6454BCE}"
EndProject
Project("{9A19103F-16F7-4668-BE54-9A1E7A4F7556}") = "NineChronicles.Node.Executable", "src\NineChronicles.Node.Executable\NineChronicles.Node.Executable.csproj", "{55320E61-5CE9-47D8-ABBC-B0B8E4AABA7D}"
EndProject
Project("{9A19103F-16F7-4668-BE54-9A1E7A4F7556}") = "NineChronicles.Node", "src\NineChronicles.Node\NineChronicles.Node.csproj", "{56F418EF-A0B3-4F36-8CF7-6F8021381FC1}"
EndProject
Project("{9A19103F-16F7-4668-BE54-9A1E7A4F7556}") = "Libplanet.Node", ".submodules\libplanet\sdk\node\Libplanet.Node\Libplanet.Node.csproj", "{ECE3704E-048E-4A4B-806B-BE2C5FF56B10}"
EndProject
Project("{2150E333-8FDC-42A3-9474-1A3956D46DE8}") = ".submodules", ".submodules", "{F9E23BF3-0DBF-4740-95FE-BCAD64AAFF4B}"
EndProject
Project("{2150E333-8FDC-42A3-9474-1A3956D46DE8}") = "libplanet", "libplanet", "{694E01CE-2456-417B-99DC-042CE78C603F}"
EndProject
Project("{2150E333-8FDC-42A3-9474-1A3956D46DE8}") = "sdk", "sdk", "{AE682033-75E7-40A3-90A7-CECB10AA133F}"
EndProject
Project("{2150E333-8FDC-42A3-9474-1A3956D46DE8}") = "node", "node", "{590FD037-E134-44F0-AE1D-E2AD810499B1}"
EndProject
Project("{9A19103F-16F7-4668-BE54-9A1E7A4F7556}") = "Libplanet.Node.Extensions", ".submodules\libplanet\sdk\node\Libplanet.Node.Extensions\Libplanet.Node.Extensions.csproj", "{5C526629-A186-4C9A-9F34-3D6344A3A12B}"
EndProject
Project("{2150E333-8FDC-42A3-9474-1A3956D46DE8}") = "lib9c", "lib9c", "{F6CFD72C-49E4-47F6-AA09-E856989B1E6A}"
EndProject
Project("{9A19103F-16F7-4668-BE54-9A1E7A4F7556}") = "Lib9c", ".submodules\lib9c\Lib9c\Lib9c.csproj", "{99958EF1-F9CF-4E77-ACDB-BF5904E4F705}"
EndProject
Project("{9A19103F-16F7-4668-BE54-9A1E7A4F7556}") = "Lib9c.Abstractions", ".submodules\lib9c\Lib9c.Abstractions\Lib9c.Abstractions.csproj", "{C160CBA8-38BD-4108-AFCF-2173C44ABAAE}"
EndProject
Project("{2150E333-8FDC-42A3-9474-1A3956D46DE8}") = "src", "src", "{D880A6CC-BAE3-4BBB-8D50-50EA189F92BE}"
EndProject
Project("{9A19103F-16F7-4668-BE54-9A1E7A4F7556}") = "Libplanet", ".submodules\libplanet\src\Libplanet\Libplanet.csproj", "{36168CF8-D524-41A4-925E-8AA1B86B8457}"
EndProject
Project("{9A19103F-16F7-4668-BE54-9A1E7A4F7556}") = "Libplanet.Action", ".submodules\libplanet\src\Libplanet.Action\Libplanet.Action.csproj", "{79C9629E-956B-4FA8-BDB6-D3314814260D}"
EndProject
Project("{9A19103F-16F7-4668-BE54-9A1E7A4F7556}") = "Libplanet.Common", ".submodules\libplanet\src\Libplanet.Common\Libplanet.Common.csproj", "{6FBE3A6F-533F-4B05-BA4D-1AA3D1052C3A}"
EndProject
Project("{9A19103F-16F7-4668-BE54-9A1E7A4F7556}") = "Libplanet.Crypto", ".submodules\libplanet\src\Libplanet.Crypto\Libplanet.Crypto.csproj", "{501C4F4D-6C3E-40A6-9487-8F22A9398963}"
EndProject
Project("{9A19103F-16F7-4668-BE54-9A1E7A4F7556}") = "Libplanet.Types", ".submodules\libplanet\src\Libplanet.Types\Libplanet.Types.csproj", "{C54A2EB5-C9E5-4943-BB31-D97C326064AC}"
EndProject
Project("{9A19103F-16F7-4668-BE54-9A1E7A4F7556}") = "Libplanet.Store", ".submodules\libplanet\src\Libplanet.Store\Libplanet.Store.csproj", "{B57FE55C-1230-4CFC-B5E1-C298DFC7A6D3}"
EndProject
Project("{9A19103F-16F7-4668-BE54-9A1E7A4F7556}") = "Libplanet.Net", ".submodules\libplanet\src\Libplanet.Net\Libplanet.Net.csproj", "{A357FFF3-2E6F-44AD-8359-672696968347}"
EndProject
Global
	GlobalSection(SolutionConfigurationPlatforms) = preSolution
		Debug|Any CPU = Debug|Any CPU
		Release|Any CPU = Release|Any CPU
	EndGlobalSection
	GlobalSection(ProjectConfigurationPlatforms) = postSolution
		{55320E61-5CE9-47D8-ABBC-B0B8E4AABA7D}.Debug|Any CPU.ActiveCfg = Debug|Any CPU
		{55320E61-5CE9-47D8-ABBC-B0B8E4AABA7D}.Debug|Any CPU.Build.0 = Debug|Any CPU
		{55320E61-5CE9-47D8-ABBC-B0B8E4AABA7D}.Release|Any CPU.ActiveCfg = Release|Any CPU
		{55320E61-5CE9-47D8-ABBC-B0B8E4AABA7D}.Release|Any CPU.Build.0 = Release|Any CPU
		{56F418EF-A0B3-4F36-8CF7-6F8021381FC1}.Debug|Any CPU.ActiveCfg = Debug|Any CPU
		{56F418EF-A0B3-4F36-8CF7-6F8021381FC1}.Debug|Any CPU.Build.0 = Debug|Any CPU
		{56F418EF-A0B3-4F36-8CF7-6F8021381FC1}.Release|Any CPU.ActiveCfg = Release|Any CPU
		{56F418EF-A0B3-4F36-8CF7-6F8021381FC1}.Release|Any CPU.Build.0 = Release|Any CPU
		{ECE3704E-048E-4A4B-806B-BE2C5FF56B10}.Debug|Any CPU.ActiveCfg = Debug|Any CPU
		{ECE3704E-048E-4A4B-806B-BE2C5FF56B10}.Debug|Any CPU.Build.0 = Debug|Any CPU
		{ECE3704E-048E-4A4B-806B-BE2C5FF56B10}.Release|Any CPU.ActiveCfg = Release|Any CPU
		{ECE3704E-048E-4A4B-806B-BE2C5FF56B10}.Release|Any CPU.Build.0 = Release|Any CPU
		{5C526629-A186-4C9A-9F34-3D6344A3A12B}.Debug|Any CPU.ActiveCfg = Debug|Any CPU
		{5C526629-A186-4C9A-9F34-3D6344A3A12B}.Debug|Any CPU.Build.0 = Debug|Any CPU
		{5C526629-A186-4C9A-9F34-3D6344A3A12B}.Release|Any CPU.ActiveCfg = Release|Any CPU
		{5C526629-A186-4C9A-9F34-3D6344A3A12B}.Release|Any CPU.Build.0 = Release|Any CPU
		{99958EF1-F9CF-4E77-ACDB-BF5904E4F705}.Debug|Any CPU.ActiveCfg = Debug|Any CPU
		{99958EF1-F9CF-4E77-ACDB-BF5904E4F705}.Debug|Any CPU.Build.0 = Debug|Any CPU
		{99958EF1-F9CF-4E77-ACDB-BF5904E4F705}.Release|Any CPU.ActiveCfg = Release|Any CPU
		{99958EF1-F9CF-4E77-ACDB-BF5904E4F705}.Release|Any CPU.Build.0 = Release|Any CPU
		{C160CBA8-38BD-4108-AFCF-2173C44ABAAE}.Debug|Any CPU.ActiveCfg = Debug|Any CPU
		{C160CBA8-38BD-4108-AFCF-2173C44ABAAE}.Debug|Any CPU.Build.0 = Debug|Any CPU
		{C160CBA8-38BD-4108-AFCF-2173C44ABAAE}.Release|Any CPU.ActiveCfg = Release|Any CPU
		{C160CBA8-38BD-4108-AFCF-2173C44ABAAE}.Release|Any CPU.Build.0 = Release|Any CPU
		{36168CF8-D524-41A4-925E-8AA1B86B8457}.Debug|Any CPU.ActiveCfg = Debug|Any CPU
		{36168CF8-D524-41A4-925E-8AA1B86B8457}.Debug|Any CPU.Build.0 = Debug|Any CPU
		{36168CF8-D524-41A4-925E-8AA1B86B8457}.Release|Any CPU.ActiveCfg = Release|Any CPU
		{36168CF8-D524-41A4-925E-8AA1B86B8457}.Release|Any CPU.Build.0 = Release|Any CPU
		{79C9629E-956B-4FA8-BDB6-D3314814260D}.Debug|Any CPU.ActiveCfg = Debug|Any CPU
		{79C9629E-956B-4FA8-BDB6-D3314814260D}.Debug|Any CPU.Build.0 = Debug|Any CPU
		{79C9629E-956B-4FA8-BDB6-D3314814260D}.Release|Any CPU.ActiveCfg = Release|Any CPU
		{79C9629E-956B-4FA8-BDB6-D3314814260D}.Release|Any CPU.Build.0 = Release|Any CPU
		{6FBE3A6F-533F-4B05-BA4D-1AA3D1052C3A}.Debug|Any CPU.ActiveCfg = Debug|Any CPU
		{6FBE3A6F-533F-4B05-BA4D-1AA3D1052C3A}.Debug|Any CPU.Build.0 = Debug|Any CPU
		{6FBE3A6F-533F-4B05-BA4D-1AA3D1052C3A}.Release|Any CPU.ActiveCfg = Release|Any CPU
		{6FBE3A6F-533F-4B05-BA4D-1AA3D1052C3A}.Release|Any CPU.Build.0 = Release|Any CPU
		{501C4F4D-6C3E-40A6-9487-8F22A9398963}.Debug|Any CPU.ActiveCfg = Debug|Any CPU
		{501C4F4D-6C3E-40A6-9487-8F22A9398963}.Debug|Any CPU.Build.0 = Debug|Any CPU
		{501C4F4D-6C3E-40A6-9487-8F22A9398963}.Release|Any CPU.ActiveCfg = Release|Any CPU
		{501C4F4D-6C3E-40A6-9487-8F22A9398963}.Release|Any CPU.Build.0 = Release|Any CPU
		{C54A2EB5-C9E5-4943-BB31-D97C326064AC}.Debug|Any CPU.ActiveCfg = Debug|Any CPU
		{C54A2EB5-C9E5-4943-BB31-D97C326064AC}.Debug|Any CPU.Build.0 = Debug|Any CPU
		{C54A2EB5-C9E5-4943-BB31-D97C326064AC}.Release|Any CPU.ActiveCfg = Release|Any CPU
		{C54A2EB5-C9E5-4943-BB31-D97C326064AC}.Release|Any CPU.Build.0 = Release|Any CPU
		{B57FE55C-1230-4CFC-B5E1-C298DFC7A6D3}.Debug|Any CPU.ActiveCfg = Debug|Any CPU
		{B57FE55C-1230-4CFC-B5E1-C298DFC7A6D3}.Debug|Any CPU.Build.0 = Debug|Any CPU
		{B57FE55C-1230-4CFC-B5E1-C298DFC7A6D3}.Release|Any CPU.ActiveCfg = Release|Any CPU
		{B57FE55C-1230-4CFC-B5E1-C298DFC7A6D3}.Release|Any CPU.Build.0 = Release|Any CPU
		{A357FFF3-2E6F-44AD-8359-672696968347}.Debug|Any CPU.ActiveCfg = Debug|Any CPU
		{A357FFF3-2E6F-44AD-8359-672696968347}.Debug|Any CPU.Build.0 = Debug|Any CPU
		{A357FFF3-2E6F-44AD-8359-672696968347}.Release|Any CPU.ActiveCfg = Release|Any CPU
		{A357FFF3-2E6F-44AD-8359-672696968347}.Release|Any CPU.Build.0 = Release|Any CPU
	EndGlobalSection
	GlobalSection(SolutionProperties) = preSolution
		HideSolutionNode = FALSE
	EndGlobalSection
	GlobalSection(NestedProjects) = preSolution
		{55320E61-5CE9-47D8-ABBC-B0B8E4AABA7D} = {7F0272D9-1A61-49F0-85BB-CCFDD6454BCE}
		{56F418EF-A0B3-4F36-8CF7-6F8021381FC1} = {7F0272D9-1A61-49F0-85BB-CCFDD6454BCE}
		{ECE3704E-048E-4A4B-806B-BE2C5FF56B10} = {590FD037-E134-44F0-AE1D-E2AD810499B1}
		{694E01CE-2456-417B-99DC-042CE78C603F} = {F9E23BF3-0DBF-4740-95FE-BCAD64AAFF4B}
		{AE682033-75E7-40A3-90A7-CECB10AA133F} = {694E01CE-2456-417B-99DC-042CE78C603F}
		{590FD037-E134-44F0-AE1D-E2AD810499B1} = {AE682033-75E7-40A3-90A7-CECB10AA133F}
		{5C526629-A186-4C9A-9F34-3D6344A3A12B} = {590FD037-E134-44F0-AE1D-E2AD810499B1}
		{F6CFD72C-49E4-47F6-AA09-E856989B1E6A} = {F9E23BF3-0DBF-4740-95FE-BCAD64AAFF4B}
		{99958EF1-F9CF-4E77-ACDB-BF5904E4F705} = {F6CFD72C-49E4-47F6-AA09-E856989B1E6A}
		{C160CBA8-38BD-4108-AFCF-2173C44ABAAE} = {F6CFD72C-49E4-47F6-AA09-E856989B1E6A}
		{D880A6CC-BAE3-4BBB-8D50-50EA189F92BE} = {694E01CE-2456-417B-99DC-042CE78C603F}
		{36168CF8-D524-41A4-925E-8AA1B86B8457} = {D880A6CC-BAE3-4BBB-8D50-50EA189F92BE}
		{79C9629E-956B-4FA8-BDB6-D3314814260D} = {D880A6CC-BAE3-4BBB-8D50-50EA189F92BE}
		{6FBE3A6F-533F-4B05-BA4D-1AA3D1052C3A} = {D880A6CC-BAE3-4BBB-8D50-50EA189F92BE}
		{501C4F4D-6C3E-40A6-9487-8F22A9398963} = {D880A6CC-BAE3-4BBB-8D50-50EA189F92BE}
		{C54A2EB5-C9E5-4943-BB31-D97C326064AC} = {D880A6CC-BAE3-4BBB-8D50-50EA189F92BE}
		{B57FE55C-1230-4CFC-B5E1-C298DFC7A6D3} = {D880A6CC-BAE3-4BBB-8D50-50EA189F92BE}
		{A357FFF3-2E6F-44AD-8359-672696968347} = {D880A6CC-BAE3-4BBB-8D50-50EA189F92BE}
	EndGlobalSection
	GlobalSection(ExtensibilityGlobals) = postSolution
		SolutionGuid = {97A8D67A-36C8-446B-9CEF-FA245191D876}
	EndGlobalSection
EndGlobal
